{
  "name": "bds-auto-enable-managment-pack",
  "version": "0.0.1",
  "lockfileVersion": 3,
  "requires": true,
  "author": "",
  "description": "<div align=\"center\">",
  "homepage": "https://github.com/Huje22/BDS-Auto-Enable-Management-Pack#readme",
  "license": "ISC",
  "main": "index.js",
  "packages": {
    "": {
      "name": "bds-auto-enable-managment-pack",
      "version": "0.0.1",
      "license": "GPL-3.0-or-later",
      "devDependencies": {}
    }
  },
  "bugs": {
    "url": "https://github.com/Huje22/BDS-Auto-Enable-Management-Pack/issues"
  },
  "repository": {
    "type": "git",
    "url": "git+https://github.com/Huje22/BDS-Auto-Enable-Management-Pack.git"
  },
  "scripts": {
    "test": "echo \"Error: no test specified\" && exit 1"
  }
}
